// !$*UTF8*$!
{
	archiveVersion = 1;
	classes = {
	};
	objectVersion = 46;
	objects = {

/* Begin PBXBuildFile section */
		C9127A331DF7F2A700926DF9 /* Home.storyboard in Resources */ = {isa = PBXBuildFile; fileRef = C9127A311DF7F2A700926DF9 /* Home.storyboard */; };
		C9127A361DF7F36D00926DF9 /* Live.storyboard in Resources */ = {isa = PBXBuildFile; fileRef = C9127A341DF7F36D00926DF9 /* Live.storyboard */; };
		C9127A391DF7F3B900926DF9 /* Video.storyboard in Resources */ = {isa = PBXBuildFile; fileRef = C9127A371DF7F3B900926DF9 /* Video.storyboard */; };
		C9127A3C1DF7F3EE00926DF9 /* Follow.storyboard in Resources */ = {isa = PBXBuildFile; fileRef = C9127A3A1DF7F3EE00926DF9 /* Follow.storyboard */; };
		C9127A3F1DF7F41E00926DF9 /* Profile.storyboard in Resources */ = {isa = PBXBuildFile; fileRef = C9127A3D1DF7F41E00926DF9 /* Profile.storyboard */; };
		C9127A411DF7F4D000926DF9 /* MainViewController.swift in Sources */ = {isa = PBXBuildFile; fileRef = C9127A401DF7F4D000926DF9 /* MainViewController.swift */; };
		C9858F6E1DF6AFA9003E5C3D /* AppDelegate.swift in Sources */ = {isa = PBXBuildFile; fileRef = C9858F6D1DF6AFA9003E5C3D /* AppDelegate.swift */; };
		C9858F751DF6AFA9003E5C3D /* Assets.xcassets in Resources */ = {isa = PBXBuildFile; fileRef = C9858F741DF6AFA9003E5C3D /* Assets.xcassets */; };
		C9858F781DF6AFA9003E5C3D /* LaunchScreen.storyboard in Resources */ = {isa = PBXBuildFile; fileRef = C9858F761DF6AFA9003E5C3D /* LaunchScreen.storyboard */; };
		C9858FAD1DF6CC96003E5C3D /* Main.storyboard in Resources */ = {isa = PBXBuildFile; fileRef = C9858FAB1DF6CC96003E5C3D /* Main.storyboard */; };
/* End PBXBuildFile section */

/* Begin PBXFileReference section */
		C9127A321DF7F2A700926DF9 /* Base */ = {isa = PBXFileReference; lastKnownFileType = file.storyboard; name = Base; path = DouYuTV/Base.lproj/Home.storyboard; sourceTree = SOURCE_ROOT; };
		C9127A351DF7F36D00926DF9 /* Base */ = {isa = PBXFileReference; lastKnownFileType = file.storyboard; name = Base; path = DouYuTV/Base.lproj/Live.storyboard; sourceTree = SOURCE_ROOT; };
		C9127A381DF7F3B900926DF9 /* Base */ = {isa = PBXFileReference; lastKnownFileType = file.storyboard; name = Base; path = DouYuTV/Base.lproj/Video.storyboard; sourceTree = SOURCE_ROOT; };
		C9127A3B1DF7F3EE00926DF9 /* Base */ = {isa = PBXFileReference; lastKnownFileType = file.storyboard; name = Base; path = DouYuTV/Base.lproj/Follow.storyboard; sourceTree = SOURCE_ROOT; };
		C9127A3E1DF7F41E00926DF9 /* Base */ = {isa = PBXFileReference; lastKnownFileType = file.storyboard; name = Base; path = DouYuTV/Base.lproj/Profile.storyboard; sourceTree = SOURCE_ROOT; };
		C9127A401DF7F4D000926DF9 /* MainViewController.swift */ = {isa = PBXFileReference; fileEncoding = 4; lastKnownFileType = sourcecode.swift; path = MainViewController.swift; sourceTree = "<group>"; };
		C9858F6A1DF6AFA9003E5C3D /* DouYuTV.app */ = {isa = PBXFileReference; explicitFileType = wrapper.application; includeInIndex = 0; path = DouYuTV.app; sourceTree = BUILT_PRODUCTS_DIR; };
		C9858F6D1DF6AFA9003E5C3D /* AppDelegate.swift */ = {isa = PBXFileReference; lastKnownFileType = sourcecode.swift; path = AppDelegate.swift; sourceTree = "<group>"; };
		C9858F741DF6AFA9003E5C3D /* Assets.xcassets */ = {isa = PBXFileReference; lastKnownFileType = folder.assetcatalog; path = Assets.xcassets; sourceTree = "<group>"; };
		C9858F771DF6AFA9003E5C3D /* Base */ = {isa = PBXFileReference; lastKnownFileType = file.storyboard; name = Base; path = Base.lproj/LaunchScreen.storyboard; sourceTree = "<group>"; };
		C9858F791DF6AFA9003E5C3D /* Info.plist */ = {isa = PBXFileReference; lastKnownFileType = text.plist.xml; path = Info.plist; sourceTree = "<group>"; };
		C9858FAC1DF6CC96003E5C3D /* Base */ = {isa = PBXFileReference; lastKnownFileType = file.storyboard; name = Base; path = DouYuTV/Base.lproj/Main.storyboard; sourceTree = SOURCE_ROOT; };
/* End PBXFileReference section */

/* Begin PBXFrameworksBuildPhase section */
		C9858F671DF6AFA9003E5C3D /* Frameworks */ = {
			isa = PBXFrameworksBuildPhase;
			buildActionMask = 2147483647;
			files = (
			);
			runOnlyForDeploymentPostprocessing = 0;
		};
/* End PBXFrameworksBuildPhase section */

/* Begin PBXGroup section */
		C9858F611DF6AFA9003E5C3D = {
			isa = PBXGroup;
			children = (
				C9858F6C1DF6AFA9003E5C3D /* DouYuTV */,
				C9858F6B1DF6AFA9003E5C3D /* Products */,
			);
			sourceTree = "<group>";
		};
		C9858F6B1DF6AFA9003E5C3D /* Products */ = {
			isa = PBXGroup;
			children = (
				C9858F6A1DF6AFA9003E5C3D /* DouYuTV.app */,
			);
			name = Products;
			sourceTree = "<group>";
		};
		C9858F6C1DF6AFA9003E5C3D /* DouYuTV */ = {
			isa = PBXGroup;
			children = (
				C9858F7F1DF6B988003E5C3D /* Classes */,
				C9858F6D1DF6AFA9003E5C3D /* AppDelegate.swift */,
				C9858F741DF6AFA9003E5C3D /* Assets.xcassets */,
				C9858F761DF6AFA9003E5C3D /* LaunchScreen.storyboard */,
				C9858F791DF6AFA9003E5C3D /* Info.plist */,
			);
			path = DouYuTV;
			sourceTree = "<group>";
		};
		C9858F7F1DF6B988003E5C3D /* Classes */ = {
			isa = PBXGroup;
			children = (
				C9858F8C1DF6B988003E5C3D /* Main */,
				C9858F841DF6B988003E5C3D /* Home */,
				C9858F881DF6B988003E5C3D /* Live */,
				C9858F951DF6B988003E5C3D /* Video */,
				C9858F801DF6B988003E5C3D /* Follow */,
				C9858F901DF6B988003E5C3D /* Profile */,
				C9858F941DF6B988003E5C3D /* Tools */,
			);
			path = Classes;
			sourceTree = "<group>";
		};
		C9858F801DF6B988003E5C3D /* Follow */ = {
			isa = PBXGroup;
			children = (
				C9127A3A1DF7F3EE00926DF9 /* Follow.storyboard */,
			);
			path = Follow;
			sourceTree = "<group>";
		};
		C9858F841DF6B988003E5C3D /* Home */ = {
			isa = PBXGroup;
			children = (
				C9127A311DF7F2A700926DF9 /* Home.storyboard */,
			);
			path = Home;
			sourceTree = "<group>";
		};
		C9858F881DF6B988003E5C3D /* Live */ = {
			isa = PBXGroup;
			children = (
				C9127A341DF7F36D00926DF9 /* Live.storyboard */,
			);
			path = Live;
			sourceTree = "<group>";
		};
		C9858F8C1DF6B988003E5C3D /* Main */ = {
			isa = PBXGroup;
			children = (
				C9858FAB1DF6CC96003E5C3D /* Main.storyboard */,
				C9127A401DF7F4D000926DF9 /* MainViewController.swift */,
			);
			path = Main;
			sourceTree = "<group>";
		};
		C9858F901DF6B988003E5C3D /* Profile */ = {
			isa = PBXGroup;
			children = (
				C9127A3D1DF7F41E00926DF9 /* Profile.storyboard */,
			);
			path = Profile;
			sourceTree = "<group>";
		};
		C9858F941DF6B988003E5C3D /* Tools */ = {
			isa = PBXGroup;
			children = (
			);
			path = Tools;
			sourceTree = "<group>";
		};
		C9858F951DF6B988003E5C3D /* Video */ = {
			isa = PBXGroup;
			children = (
				C9127A371DF7F3B900926DF9 /* Video.storyboard */,
			);
			path = Video;
			sourceTree = "<group>";
		};
/* End PBXGroup section */

/* Begin PBXNativeTarget section */
		C9858F691DF6AFA9003E5C3D /* DouYuTV */ = {
			isa = PBXNativeTarget;
			buildConfigurationList = C9858F7C1DF6AFA9003E5C3D /* Build configuration list for PBXNativeTarget "DouYuTV" */;
			buildPhases = (
				C9858F661DF6AFA9003E5C3D /* Sources */,
				C9858F671DF6AFA9003E5C3D /* Frameworks */,
				C9858F681DF6AFA9003E5C3D /* Resources */,
			);
			buildRules = (
			);
			dependencies = (
			);
			name = DouYuTV;
			productName = DouYuTV;
			productReference = C9858F6A1DF6AFA9003E5C3D /* DouYuTV.app */;
			productType = "com.apple.product-type.application";
		};
/* End PBXNativeTarget section */

/* Begin PBXProject section */
		C9858F621DF6AFA9003E5C3D /* Project object */ = {
			isa = PBXProject;
			attributes = {
				LastSwiftUpdateCheck = 0800;
				LastUpgradeCheck = 0800;
				ORGANIZATIONNAME = LW;
				TargetAttributes = {
					C9858F691DF6AFA9003E5C3D = {
						CreatedOnToolsVersion = 8.0;
						DevelopmentTeam = BCU2N83A4H;
						ProvisioningStyle = Automatic;
					};
				};
			};
			buildConfigurationList = C9858F651DF6AFA9003E5C3D /* Build configuration list for PBXProject "DouYuTV" */;
			compatibilityVersion = "Xcode 3.2";
			developmentRegion = English;
			hasScannedForEncodings = 0;
			knownRegions = (
				en,
				Base,
			);
			mainGroup = C9858F611DF6AFA9003E5C3D;
			productRefGroup = C9858F6B1DF6AFA9003E5C3D /* Products */;
			projectDirPath = "";
			projectRoot = "";
			targets = (
				C9858F691DF6AFA9003E5C3D /* DouYuTV */,
			);
		};
/* End PBXProject section */

/* Begin PBXResourcesBuildPhase section */
		C9858F681DF6AFA9003E5C3D /* Resources */ = {
			isa = PBXResourcesBuildPhase;
			buildActionMask = 2147483647;
			files = (
				C9858FAD1DF6CC96003E5C3D /* Main.storyboard in Resources */,
				C9858F781DF6AFA9003E5C3D /* LaunchScreen.storyboard in Resources */,
				C9127A3F1DF7F41E00926DF9 /* Profile.storyboard in Resources */,
				C9127A391DF7F3B900926DF9 /* Video.storyboard in Resources */,
				C9858F751DF6AFA9003E5C3D /* Assets.xcassets in Resources */,
				C9127A3C1DF7F3EE00926DF9 /* Follow.storyboard in Resources */,
				C9127A361DF7F36D00926DF9 /* Live.storyboard in Resources */,
				C9127A331DF7F2A700926DF9 /* Home.storyboard in Resources */,
			);
			runOnlyForDeploymentPostprocessing = 0;
		};
/* End PBXResourcesBuildPhase section */

/* Begin PBXSourcesBuildPhase section */
		C9858F661DF6AFA9003E5C3D /* Sources */ = {
			isa = PBXSourcesBuildPhase;
			buildActionMask = 2147483647;
			files = (
				C9858F6E1DF6AFA9003E5C3D /* AppDelegate.swift in Sources */,
				C9127A411DF7F4D000926DF9 /* MainViewController.swift in Sources */,
			);
			runOnlyForDeploymentPostprocessing = 0;
		};
/* End PBXSourcesBuildPhase section */

/* Begin PBXVariantGroup section */
		C9127A311DF7F2A700926DF9 /* Home.storyboard */ = {
			isa = PBXVariantGroup;
			children = (
				C9127A321DF7F2A700926DF9 /* Base */,
			);
			name = Home.storyboard;
			sourceTree = "<group>";
		};
		C9127A341DF7F36D00926DF9 /* Live.storyboard */ = {
			isa = PBXVariantGroup;
			children = (
				C9127A351DF7F36D00926DF9 /* Base */,
			);
			name = Live.storyboard;
			sourceTree = "<group>";
		};
		C9127A371DF7F3B900926DF9 /* Video.storyboard */ = {
			isa = PBXVariantGroup;
			children = (
				C9127A381DF7F3B900926DF9 /* Base */,
			);
			name = Video.storyboard;
			sourceTree = "<group>";
		};
		C9127A3A1DF7F3EE00926DF9 /* Follow.storyboard */ = {
			isa = PBXVariantGroup;
			children = (
				C9127A3B1DF7F3EE00926DF9 /* Base */,
			);
			name = Follow.storyboard;
			sourceTree = "<group>";
		};
		C9127A3D1DF7F41E00926DF9 /* Profile.storyboard */ = {
			isa = PBXVariantGroup;
			children = (
				C9127A3E1DF7F41E00926DF9 /* Base */,
			);
			name = Profile.storyboard;
			sourceTree = "<group>";
		};
		C9858F761DF6AFA9003E5C3D /* LaunchScreen.storyboard */ = {
			isa = PBXVariantGroup;
			children = (
				C9858F771DF6AFA9003E5C3D /* Base */,
			);
			name = LaunchScreen.storyboard;
			sourceTree = "<group>";
		};
		C9858FAB1DF6CC96003E5C3D /* Main.storyboard */ = {
			isa = PBXVariantGroup;
			children = (
				C9858FAC1DF6CC96003E5C3D /* Base */,
			);
			name = Main.storyboard;
			sourceTree = "<group>";
		};
/* End PBXVariantGroup section */

/* Begin XCBuildConfiguration section */
		C9858F7A1DF6AFA9003E5C3D /* Debug */ = {
			isa = XCBuildConfiguration;
			buildSettings = {
				ALWAYS_SEARCH_USER_PATHS = NO;
				CLANG_ANALYZER_NONNULL = YES;
				CLANG_CXX_LANGUAGE_STANDARD = "gnu++0x";
				CLANG_CXX_LIBRARY = "libc++";
				CLANG_ENABLE_MODULES = YES;
				CLANG_ENABLE_OBJC_ARC = YES;
				CLANG_WARN_BOOL_CONVERSION = YES;
				CLANG_WARN_CONSTANT_CONVERSION = YES;
				CLANG_WARN_DIRECT_OBJC_ISA_USAGE = YES_ERROR;
				CLANG_WARN_DOCUMENTATION_COMMENTS = YES;
				CLANG_WARN_EMPTY_BODY = YES;
				CLANG_WARN_ENUM_CONVERSION = YES;
				CLANG_WARN_INFINITE_RECURSION = YES;
				CLANG_WARN_INT_CONVERSION = YES;
				CLANG_WARN_OBJC_ROOT_CLASS = YES_ERROR;
				CLANG_WARN_SUSPICIOUS_MOVES = YES;
				CLANG_WARN_UNREACHABLE_CODE = YES;
				CLANG_WARN__DUPLICATE_METHOD_MATCH = YES;
				"CODE_SIGN_IDENTITY[sdk=iphoneos*]" = "iPhone Developer";
				COPY_PHASE_STRIP = NO;
				DEBUG_INFORMATION_FORMAT = dwarf;
				ENABLE_STRICT_OBJC_MSGSEND = YES;
				ENABLE_TESTABILITY = YES;
				GCC_C_LANGUAGE_STANDARD = gnu99;
				GCC_DYNAMIC_NO_PIC = NO;
				GCC_NO_COMMON_BLOCKS = YES;
				GCC_OPTIMIZATION_LEVEL = 0;
				GCC_PREPROCESSOR_DEFINITIONS = (
					"DEBUG=1",
					"$(inherited)",
				);
				GCC_WARN_64_TO_32_BIT_CONVERSION = YES;
				GCC_WARN_ABOUT_RETURN_TYPE = YES_ERROR;
				GCC_WARN_UNDECLARED_SELECTOR = YES;
				GCC_WARN_UNINITIALIZED_AUTOS = YES_AGGRESSIVE;
				GCC_WARN_UNUSED_FUNCTION = YES;
				GCC_WARN_UNUSED_VARIABLE = YES;
				IPHONEOS_DEPLOYMENT_TARGET = 10.0;
				MTL_ENABLE_DEBUG_INFO = YES;
				ONLY_ACTIVE_ARCH = YES;
				SDKROOT = iphoneos;
				SWIFT_ACTIVE_COMPILATION_CONDITIONS = DEBUG;
				SWIFT_OPTIMIZATION_LEVEL = "-Onone";
				TARGETED_DEVICE_FAMILY = "1,2";
			};
			name = Debug;
		};
		C9858F7B1DF6AFA9003E5C3D /* Release */ = {
			isa = XCBuildConfiguration;
			buildSettings = {
				ALWAYS_SEARCH_USER_PATHS = NO;
				CLANG_ANALYZER_NONNULL = YES;
				CLANG_CXX_LANGUAGE_STANDARD = "gnu++0x";
				CLANG_CXX_LIBRARY = "libc++";
				CLANG_ENABLE_MODULES = YES;
				CLANG_ENABLE_OBJC_ARC = YES;
				CLANG_WARN_BOOL_CONVERSION = YES;
				CLANG_WARN_CONSTANT_CONVERSION = YES;
				CLANG_WARN_DIRECT_OBJC_ISA_USAGE = YES_ERROR;
				CLANG_WARN_DOCUMENTATION_COMMENTS = YES;
				CLANG_WARN_EMPTY_BODY = YES;
				CLANG_WARN_ENUM_CONVERSION = YES;
				CLANG_WARN_INFINITE_RECURSION = YES;
				CLANG_WARN_INT_CONVERSION = YES;
				CLANG_WARN_OBJC_ROOT_CLASS = YES_ERROR;
				CLANG_WARN_SUSPICIOUS_MOVES = YES;
				CLANG_WARN_UNREACHABLE_CODE = YES;
				CLANG_WARN__DUPLICATE_METHOD_MATCH = YES;
				"CODE_SIGN_IDENTITY[sdk=iphoneos*]" = "iPhone Developer";
				COPY_PHASE_STRIP = NO;
				DEBUG_INFORMATION_FORMAT = "dwarf-with-dsym";
				ENABLE_NS_ASSERTIONS = NO;
				ENABLE_STRICT_OBJC_MSGSEND = YES;
				GCC_C_LANGUAGE_STANDARD = gnu99;
				GCC_NO_COMMON_BLOCKS = YES;
				GCC_WARN_64_TO_32_BIT_CONVERSION = YES;
				GCC_WARN_ABOUT_RETURN_TYPE = YES_ERROR;
				GCC_WARN_UNDECLARED_SELECTOR = YES;
				GCC_WARN_UNINITIALIZED_AUTOS = YES_AGGRESSIVE;
				GCC_WARN_UNUSED_FUNCTION = YES;
				GCC_WARN_UNUSED_VARIABLE = YES;
				IPHONEOS_DEPLOYMENT_TARGET = 10.0;
				MTL_ENABLE_DEBUG_INFO = NO;
				SDKROOT = iphoneos;
				SWIFT_OPTIMIZATION_LEVEL = "-Owholemodule";
				TARGETED_DEVICE_FAMILY = "1,2";
				VALIDATE_PRODUCT = YES;
			};
			name = Release;
		};
		C9858F7D1DF6AFA9003E5C3D /* Debug */ = {
			isa = XCBuildConfiguration;
			buildSettings = {
				ASSETCATALOG_COMPILER_APPICON_NAME = AppIcon;
				ASSETCATALOG_COMPILER_LAUNCHIMAGE_NAME = LaunchImage;
				DEVELOPMENT_TEAM = BCU2N83A4H;
				INFOPLIST_FILE = DouYuTV/Info.plist;
				IPHONEOS_DEPLOYMENT_TARGET = 8.0;
				LD_RUNPATH_SEARCH_PATHS = "$(inherited) @executable_path/Frameworks";
				PRODUCT_BUNDLE_IDENTIFIER = LW.DouYuTV;
				PRODUCT_NAME = "$(TARGET_NAME)";
				SWIFT_VERSION = 3.0;
			};
			name = Debug;
		};
		C9858F7E1DF6AFA9003E5C3D /* Release */ = {
			isa = XCBuildConfiguration;
			buildSettings = {
				ASSETCATALOG_COMPILER_APPICON_NAME = AppIcon;
				ASSETCATALOG_COMPILER_LAUNCHIMAGE_NAME = LaunchImage;
				DEVELOPMENT_TEAM = BCU2N83A4H;
				INFOPLIST_FILE = DouYuTV/Info.plist;
				IPHONEOS_DEPLOYMENT_TARGET = 8.0;
				LD_RUNPATH_SEARCH_PATHS = "$(inherited) @executable_path/Frameworks";
				PRODUCT_BUNDLE_IDENTIFIER = LW.DouYuTV;
				PRODUCT_NAME = "$(TARGET_NAME)";
				SWIFT_VERSION = 3.0;
			};
			name = Release;
		};
/* End XCBuildConfiguration section */

/* Begin XCConfigurationList section */
		C9858F651DF6AFA9003E5C3D /* Build configuration list for PBXProject "DouYuTV" */ = {
			isa = XCConfigurationList;
			buildConfigurations = (
				C9858F7A1DF6AFA9003E5C3D /* Debug */,
				C9858F7B1DF6AFA9003E5C3D /* Release */,
			);
			defaultConfigurationIsVisible = 0;
			defaultConfigurationName = Release;
		};
		C9858F7C1DF6AFA9003E5C3D /* Build configuration list for PBXNativeTarget "DouYuTV" */ = {
			isa = XCConfigurationList;
			buildConfigurations = (
				C9858F7D1DF6AFA9003E5C3D /* Debug */,
				C9858F7E1DF6AFA9003E5C3D /* Release */,
			);
			defaultConfigurationIsVisible = 0;
			defaultConfigurationName = Release;
		};
/* End XCConfigurationList section */
	};
	rootObject = C9858F621DF6AFA9003E5C3D /* Project object */;
}
